
Microsoft Visual Studio Solution File, Format Version 10.00
# Visual Studio 2008
Project("{FAE04EC0-301F-11D3-BF4B-00C04F79EFBC}") = "运动物体跟踪CS", "运动物体跟踪CShop\运动物体跟踪CS.csproj", "{C4B3E2A6-57B5-4200-849E-CDAD70E1D182}"
EndProject
Global
	GlobalSection(SubversionScc) = preSolution
		Svn-Managed = True
		Manager = AnkhSVN - Subversion Support for Visual Studio
	EndGlobalSection
	GlobalSection(SolutionConfigurationPlatforms) = preSolution
		Debug|Any CPU = Debug|Any CPU
		Release|Any CPU = Release|Any CPU
	EndGlobalSection
	GlobalSection(ProjectConfigurationPlatforms) = postSolution
		{C4B3E2A6-57B5-4200-849E-CDAD70E1D182}.Debug|Any CPU.ActiveCfg = Debug|Any CPU
		{C4B3E2A6-57B5-4200-849E-CDAD70E1D182}.Debug|Any CPU.Build.0 = Debug|Any CPU
		{C4B3E2A6-57B5-4200-849E-CDAD70E1D182}.Release|Any CPU.ActiveCfg = Release|Any CPU
		{C4B3E2A6-57B5-4200-849E-CDAD70E1D182}.Release|Any CPU.Build.0 = Release|Any CPU
	EndGlobalSection
	GlobalSection(SolutionProperties) = preSolution
		HideSolutionNode = FALSE
	EndGlobalSection
EndGlobal
