<?xml version="1.0" encoding="utf-8"?>
<Project ToolsVersion="4.0" xmlns="http://schemas.microsoft.com/developer/msbuild/2003">
  <ItemGroup>
    <Filter Include="Header Files">
      <UniqueIdentifier>{93995380-89BD-4b04-88EB-625FBE52EBFB}</UniqueIdentifier>
      <Extensions>h</Extensions>
    </Filter>
    <Filter Include="Form Files">
      <UniqueIdentifier>{99349809-55BA-4b9d-BF79-8FDBB0286EB3}</UniqueIdentifier>
      <Extensions>ui</Extensions>
    </Filter>
    <Filter Include="Resource Files">
      <UniqueIdentifier>{D9D6E242-F8AF-46E4-B9FD-80ECBC20BA3E}</UniqueIdentifier>
      <Extensions>qrc;*</Extensions>
      <ParseFiles>false</ParseFiles>
    </Filter>
    <Filter Include="Generated Files">
      <UniqueIdentifier>{71ED8ED8-ACB9-4CE9-BBE1-E00B30144E11}</UniqueIdentifier>
      <Extensions>moc;h;cpp</Extensions>
      <SourceControlFiles>False</SourceControlFiles>
    </Filter>
    <Filter Include="Generated Files\Debug">
      <UniqueIdentifier>{a0c14c62-81c4-4c9a-8430-422a1f532f9d}</UniqueIdentifier>
      <Extensions>cpp;moc</Extensions>
      <SourceControlFiles>False</SourceControlFiles>
    </Filter>
    <Filter Include="Generated Files\Release">
      <UniqueIdentifier>{035982e6-4f79-412d-8602-337f8e2cc12c}</UniqueIdentifier>
      <Extensions>cpp;moc</Extensions>
      <SourceControlFiles>False</SourceControlFiles>
    </Filter>
    <Filter Include="Header Files\algorithm">
      <UniqueIdentifier>{b72a0101-efd5-42b8-86b7-1bc7e0c9a205}</UniqueIdentifier>
    </Filter>
    <Filter Include="Source Files">
      <UniqueIdentifier>{4FC737F1-C7A5-4376-A066-2A32D752A2FF}</UniqueIdentifier>
      <Extensions>cpp;cxx;c;def</Extensions>
    </Filter>
    <Filter Include="Source Files\algorithm">
      <UniqueIdentifier>{3431b20a-ecb8-44c8-aea3-879bc09af417}</UniqueIdentifier>
    </Filter>
    <Filter Include="Header Files\realtimeform">
      <UniqueIdentifier>{46dda419-4ab9-4237-9c50-5ffa9c7ea4ca}</UniqueIdentifier>
    </Filter>
    <Filter Include="Source Files\realtimeform">
      <UniqueIdentifier>{ff1a8852-cd48-465b-bac4-fdcbf1a9e6fd}</UniqueIdentifier>
    </Filter>
    <Filter Include="Header Files\localform">
      <UniqueIdentifier>{8f21e1f1-5a37-4eb9-ae14-72a9edeab001}</UniqueIdentifier>
    </Filter>
    <Filter Include="Source Files\localform">
      <UniqueIdentifier>{43fc8c0e-9e6a-4bbc-987d-7853b2c1474a}</UniqueIdentifier>
    </Filter>
    <Filter Include="Form Files\realtimeform">
      <UniqueIdentifier>{0adb63bd-8591-4f7b-9ac9-1df3063b644f}</UniqueIdentifier>
    </Filter>
    <Filter Include="Form Files\localform">
      <UniqueIdentifier>{b4e0ed46-a42b-4092-ae0e-dabdfb05dde9}</UniqueIdentifier>
    </Filter>
  </ItemGroup>
  <ItemGroup>
    <ClCompile Include="main.cpp">
      <Filter>Source Files</Filter>
    </ClCompile>
    <ClCompile Include="GeneratedFiles\Debug\moc_mainwindow.cpp">
      <Filter>Generated Files\Debug</Filter>
    </ClCompile>
    <ClCompile Include="GeneratedFiles\Release\moc_mainwindow.cpp">
      <Filter>Generated Files\Release</Filter>
    </ClCompile>
    <ClCompile Include="GeneratedFiles\qrc_mainwindow.cpp">
      <Filter>Generated Files</Filter>
    </ClCompile>
    <ClCompile Include="GeneratedFiles\Debug\moc_realtimethread.cpp">
      <Filter>Generated Files\Debug</Filter>
    </ClCompile>
    <ClCompile Include="GeneratedFiles\Release\moc_realtimethread.cpp">
      <Filter>Generated Files\Release</Filter>
    </ClCompile>
    <ClCompile Include="realtimethread.cpp">
      <Filter>Source Files\algorithm</Filter>
    </ClCompile>
    <ClCompile Include="GeneratedFiles\Debug\moc_realtimesetting.cpp">
      <Filter>Generated Files\Debug</Filter>
    </ClCompile>
    <ClCompile Include="GeneratedFiles\Release\moc_realtimesetting.cpp">
      <Filter>Generated Files\Release</Filter>
    </ClCompile>
    <ClCompile Include="EventNode.cpp">
      <Filter>Source Files\algorithm</Filter>
    </ClCompile>
    <ClCompile Include="EventNodeOperation.cpp">
      <Filter>Source Files\algorithm</Filter>
    </ClCompile>
    <ClCompile Include="FileOperation.cpp">
      <Filter>Source Files\algorithm</Filter>
    </ClCompile>
    <ClCompile Include="mainwindow.cpp">
      <Filter>Source Files\realtimeform</Filter>
    </ClCompile>
    <ClCompile Include="realtimesetting.cpp">
      <Filter>Source Files\realtimeform</Filter>
    </ClCompile>
    <ClCompile Include="GeneratedFiles\Debug\moc_drawform.cpp">
      <Filter>Generated Files\Debug</Filter>
    </ClCompile>
    <ClCompile Include="GeneratedFiles\Release\moc_drawform.cpp">
      <Filter>Generated Files\Release</Filter>
    </ClCompile>
    <ClCompile Include="drawform.cpp">
      <Filter>Source Files\localform</Filter>
    </ClCompile>
    <ClCompile Include="GeneratedFiles\Debug\moc_abstractsearchform.cpp">
      <Filter>Generated Files\Debug</Filter>
    </ClCompile>
    <ClCompile Include="GeneratedFiles\Release\moc_abstractsearchform.cpp">
      <Filter>Generated Files\Release</Filter>
    </ClCompile>
    <ClCompile Include="abstractsearchform.cpp">
      <Filter>Source Files\localform</Filter>
    </ClCompile>
    <ClCompile Include="abstractform.cpp">
      <Filter>Source Files\localform</Filter>
    </ClCompile>
    <ClCompile Include="GeneratedFiles\Debug\moc_abstractform.cpp">
      <Filter>Generated Files\Debug</Filter>
    </ClCompile>
    <ClCompile Include="GeneratedFiles\Release\moc_abstractform.cpp">
      <Filter>Generated Files\Release</Filter>
    </ClCompile>
    <ClCompile Include="GeneratedFiles\Debug\moc_abstractplayer.cpp">
      <Filter>Generated Files\Debug</Filter>
    </ClCompile>
    <ClCompile Include="GeneratedFiles\Release\moc_abstractplayer.cpp">
      <Filter>Generated Files\Release</Filter>
    </ClCompile>
    <ClCompile Include="GeneratedFiles\Debug\moc_playthread.cpp">
      <Filter>Generated Files\Debug</Filter>
    </ClCompile>
    <ClCompile Include="GeneratedFiles\Release\moc_playthread.cpp">
      <Filter>Generated Files\Release</Filter>
    </ClCompile>
    <ClCompile Include="abstractplayer.cpp">
      <Filter>Source Files\localform</Filter>
    </ClCompile>
    <ClCompile Include="playthread.cpp">
      <Filter>Source Files\algorithm</Filter>
    </ClCompile>
    <ClCompile Include="setting_widget.cpp">
      <Filter>Source Files\localform</Filter>
    </ClCompile>
    <ClCompile Include="GeneratedFiles\Debug\moc_setting_widget.cpp">
      <Filter>Generated Files\Debug</Filter>
    </ClCompile>
    <ClCompile Include="GeneratedFiles\Release\moc_setting_widget.cpp">
      <Filter>Generated Files\Release</Filter>
    </ClCompile>
    <ClCompile Include="videoabstract_qtver.cpp">
      <Filter>Source Files\localform</Filter>
    </ClCompile>
    <ClCompile Include="GeneratedFiles\Debug\moc_videoabstract_qtver.cpp">
      <Filter>Generated Files\Debug</Filter>
    </ClCompile>
    <ClCompile Include="GeneratedFiles\Release\moc_videoabstract_qtver.cpp">
      <Filter>Generated Files\Release</Filter>
    </ClCompile>
    <ClCompile Include="VideoAnalyze.cpp">
      <Filter>Source Files\algorithm</Filter>
    </ClCompile>
    <ClCompile Include="GeneratedFiles\Debug\moc_VideoAnalyze.cpp">
      <Filter>Generated Files\Debug</Filter>
    </ClCompile>
    <ClCompile Include="GeneratedFiles\Release\moc_VideoAnalyze.cpp">
      <Filter>Generated Files\Release</Filter>
    </ClCompile>
    <ClCompile Include="Globals.cpp">
      <Filter>Source Files</Filter>
    </ClCompile>
  </ItemGroup>
  <ItemGroup>
    <CustomBuild Include="mainwindow.qrc">
      <Filter>Resource Files</Filter>
    </CustomBuild>
    <CustomBuild Include="realtimethread.h">
      <Filter>Header Files\algorithm</Filter>
    </CustomBuild>
    <CustomBuild Include="realtimesetting.h">
      <Filter>Header Files\realtimeform</Filter>
    </CustomBuild>
    <CustomBuild Include="mainwindow.h">
      <Filter>Header Files\realtimeform</Filter>
    </CustomBuild>
    <CustomBuild Include="drawform.h">
      <Filter>Header Files\localform</Filter>
    </CustomBuild>
    <CustomBuild Include="mainwindow.ui">
      <Filter>Form Files\realtimeform</Filter>
    </CustomBuild>
    <CustomBuild Include="realtimesetting.ui">
      <Filter>Form Files\realtimeform</Filter>
    </CustomBuild>
    <CustomBuild Include="drawform.ui">
      <Filter>Form Files\localform</Filter>
    </CustomBuild>
    <CustomBuild Include="abstractsearchform.ui">
      <Filter>Form Files\localform</Filter>
    </CustomBuild>
    <CustomBuild Include="abstractsearchform.h">
      <Filter>Header Files\localform</Filter>
    </CustomBuild>
    <CustomBuild Include="abstractform.h">
      <Filter>Header Files\localform</Filter>
    </CustomBuild>
    <CustomBuild Include="abstract.ui">
      <Filter>Form Files\localform</Filter>
    </CustomBuild>
    <CustomBuild Include="playform.ui">
      <Filter>Form Files\localform</Filter>
    </CustomBuild>
    <CustomBuild Include="abstractplayer.h">
      <Filter>Header Files\localform</Filter>
    </CustomBuild>
    <CustomBuild Include="playthread.h">
      <Filter>Header Files\algorithm</Filter>
    </CustomBuild>
    <CustomBuild Include="setting_widget.h">
      <Filter>Header Files\localform</Filter>
    </CustomBuild>
    <CustomBuild Include="setting.ui">
      <Filter>Form Files\localform</Filter>
    </CustomBuild>
    <CustomBuild Include="videoabstract_qtver.h">
      <Filter>Header Files\localform</Filter>
    </CustomBuild>
    <CustomBuild Include="videoabstract_qtver.ui">
      <Filter>Form Files\localform</Filter>
    </CustomBuild>
    <CustomBuild Include="VideoAnalyze.h">
      <Filter>Header Files\algorithm</Filter>
    </CustomBuild>
  </ItemGroup>
  <ItemGroup>
    <ClInclude Include="GeneratedFiles\ui_mainwindow.h">
      <Filter>Generated Files</Filter>
    </ClInclude>
    <ClInclude Include="GeneratedFiles\ui_realtimesetting.h">
      <Filter>Generated Files</Filter>
    </ClInclude>
    <ClInclude Include="EventNode.h">
      <Filter>Header Files\algorithm</Filter>
    </ClInclude>
    <ClInclude Include="EventNodeOperation.h">
      <Filter>Header Files\algorithm</Filter>
    </ClInclude>
    <ClInclude Include="FileOperation.h">
      <Filter>Header Files\algorithm</Filter>
    </ClInclude>
    <ClInclude Include="GeneratedFiles\ui_drawform.h">
      <Filter>Generated Files</Filter>
    </ClInclude>
    <ClInclude Include="GeneratedFiles\ui_abstractsearchform.h">
      <Filter>Generated Files</Filter>
    </ClInclude>
    <ClInclude Include="GeneratedFiles\ui_abstract.h">
      <Filter>Generated Files</Filter>
    </ClInclude>
    <ClInclude Include="GeneratedFiles\ui_playform.h">
      <Filter>Generated Files</Filter>
    </ClInclude>
    <ClInclude Include="GeneratedFiles\ui_setting.h">
      <Filter>Generated Files</Filter>
    </ClInclude>
    <ClInclude Include="GeneratedFiles\ui_videoabstract_qtver.h">
      <Filter>Generated Files</Filter>
    </ClInclude>
    <ClInclude Include="Globals.h">
      <Filter>Header Files</Filter>
    </ClInclude>
  </ItemGroup>
</Project>